// !$*UTF8*$!
{
	archiveVersion = 1;
	classes = {
	};
	objectVersion = 50;
	objects = {

/* Begin PBXBuildFile section */
		2756311522A149BC007D7E40 /* SpinnerViewController.swift in Sources */ = {isa = PBXBuildFile; fileRef = 2756311422A149BC007D7E40 /* SpinnerViewController.swift */; };
		27F5091122A45B8800F69346 /* PurchaseInformation.swift in Sources */ = {isa = PBXBuildFile; fileRef = 27F5091022A45B8800F69346 /* PurchaseInformation.swift */; };
		27F5C7702294D780002CFBEC /* AppDelegate.swift in Sources */ = {isa = PBXBuildFile; fileRef = 27F5C76F2294D780002CFBEC /* AppDelegate.swift */; };
		27F5C7722294D780002CFBEC /* ViewController.swift in Sources */ = {isa = PBXBuildFile; fileRef = 27F5C7712294D780002CFBEC /* ViewController.swift */; };
		27F5C7752294D780002CFBEC /* Main.storyboard in Resources */ = {isa = PBXBuildFile; fileRef = 27F5C7732294D780002CFBEC /* Main.storyboard */; };
		27F5C7772294D785002CFBEC /* Assets.xcassets in Resources */ = {isa = PBXBuildFile; fileRef = 27F5C7762294D785002CFBEC /* Assets.xcassets */; };
		27F5C77A2294D785002CFBEC /* LaunchScreen.storyboard in Resources */ = {isa = PBXBuildFile; fileRef = 27F5C7782294D785002CFBEC /* LaunchScreen.storyboard */; };
		27F5C7852294D785002CFBEC /* MiraclePillTests.swift in Sources */ = {isa = PBXBuildFile; fileRef = 27F5C7842294D785002CFBEC /* MiraclePillTests.swift */; };
		27F5C7902294D785002CFBEC /* MiraclePillUITests.swift in Sources */ = {isa = PBXBuildFile; fileRef = 27F5C78F2294D785002CFBEC /* MiraclePillUITests.swift */; };
/* End PBXBuildFile section */

/* Begin PBXContainerItemProxy section */
		27F5C7812294D785002CFBEC /* PBXContainerItemProxy */ = {
			isa = PBXContainerItemProxy;
			containerPortal = 27F5C7642294D77F002CFBEC /* Project object */;
			proxyType = 1;
			remoteGlobalIDString = 27F5C76B2294D77F002CFBEC;
			remoteInfo = MiraclePill;
		};
		27F5C78C2294D785002CFBEC /* PBXContainerItemProxy */ = {
			isa = PBXContainerItemProxy;
			containerPortal = 27F5C7642294D77F002CFBEC /* Project object */;
			proxyType = 1;
			remoteGlobalIDString = 27F5C76B2294D77F002CFBEC;
			remoteInfo = MiraclePill;
		};
/* End PBXContainerItemProxy section */

/* Begin PBXFileReference section */
		2756311422A149BC007D7E40 /* SpinnerViewController.swift */ = {isa = PBXFileReference; lastKnownFileType = sourcecode.swift; path = SpinnerViewController.swift; sourceTree = "<group>"; };
		27F5091022A45B8800F69346 /* PurchaseInformation.swift */ = {isa = PBXFileReference; lastKnownFileType = sourcecode.swift; path = PurchaseInformation.swift; sourceTree = "<group>"; };
		27F5C76C2294D780002CFBEC /* MiraclePill.app */ = {isa = PBXFileReference; explicitFileType = wrapper.application; includeInIndex = 0; path = MiraclePill.app; sourceTree = BUILT_PRODUCTS_DIR; };
		27F5C76F2294D780002CFBEC /* AppDelegate.swift */ = {isa = PBXFileReference; lastKnownFileType = sourcecode.swift; path = AppDelegate.swift; sourceTree = "<group>"; };
		27F5C7712294D780002CFBEC /* ViewController.swift */ = {isa = PBXFileReference; lastKnownFileType = sourcecode.swift; path = ViewController.swift; sourceTree = "<group>"; };
		27F5C7742294D780002CFBEC /* Base */ = {isa = PBXFileReference; lastKnownFileType = file.storyboard; name = Base; path = Base.lproj/Main.storyboard; sourceTree = "<group>"; };
		27F5C7762294D785002CFBEC /* Assets.xcassets */ = {isa = PBXFileReference; lastKnownFileType = folder.assetcatalog; path = Assets.xcassets; sourceTree = "<group>"; };
		27F5C7792294D785002CFBEC /* Base */ = {isa = PBXFileReference; lastKnownFileType = file.storyboard; name = Base; path = Base.lproj/LaunchScreen.storyboard; sourceTree = "<group>"; };
		27F5C77B2294D785002CFBEC /* Info.plist */ = {isa = PBXFileReference; lastKnownFileType = text.plist.xml; path = Info.plist; sourceTree = "<group>"; };
		27F5C7802294D785002CFBEC /* MiraclePillTests.xctest */ = {isa = PBXFileReference; explicitFileType = wrapper.cfbundle; includeInIndex = 0; path = MiraclePillTests.xctest; sourceTree = BUILT_PRODUCTS_DIR; };
		27F5C7842294D785002CFBEC /* MiraclePillTests.swift */ = {isa = PBXFileReference; lastKnownFileType = sourcecode.swift; path = MiraclePillTests.swift; sourceTree = "<group>"; };
		27F5C7862294D785002CFBEC /* Info.plist */ = {isa = PBXFileReference; lastKnownFileType = text.plist.xml; path = Info.plist; sourceTree = "<group>"; };
		27F5C78B2294D785002CFBEC /* MiraclePillUITests.xctest */ = {isa = PBXFileReference; explicitFileType = wrapper.cfbundle; includeInIndex = 0; path = MiraclePillUITests.xctest; sourceTree = BUILT_PRODUCTS_DIR; };
		27F5C78F2294D785002CFBEC /* MiraclePillUITests.swift */ = {isa = PBXFileReference; lastKnownFileType = sourcecode.swift; path = MiraclePillUITests.swift; sourceTree = "<group>"; };
		27F5C7912294D785002CFBEC /* Info.plist */ = {isa = PBXFileReference; lastKnownFileType = text.plist.xml; path = Info.plist; sourceTree = "<group>"; };
/* End PBXFileReference section */

/* Begin PBXFrameworksBuildPhase section */
		27F5C7692294D77F002CFBEC /* Frameworks */ = {
			isa = PBXFrameworksBuildPhase;
			buildActionMask = 2147483647;
			files = (
			);
			runOnlyForDeploymentPostprocessing = 0;
		};
		27F5C77D2294D785002CFBEC /* Frameworks */ = {
			isa = PBXFrameworksBuildPhase;
			buildActionMask = 2147483647;
			files = (
			);
			runOnlyForDeploymentPostprocessing = 0;
		};
		27F5C7882294D785002CFBEC /* Frameworks */ = {
			isa = PBXFrameworksBuildPhase;
			buildActionMask = 2147483647;
			files = (
			);
			runOnlyForDeploymentPostprocessing = 0;
		};
/* End PBXFrameworksBuildPhase section */

/* Begin PBXGroup section */
		27F5091222A45BA300F69346 /* model */ = {
			isa = PBXGroup;
			children = (
				27F5091022A45B8800F69346 /* PurchaseInformation.swift */,
			);
			path = model;
			sourceTree = "<group>";
		};
		27F5091322A45BBC00F69346 /* util */ = {
			isa = PBXGroup;
			children = (
				2756311422A149BC007D7E40 /* SpinnerViewController.swift */,
			);
			path = util;
			sourceTree = "<group>";
		};
		27F5C7632294D77F002CFBEC = {
			isa = PBXGroup;
			children = (
				27F5C76E2294D780002CFBEC /* MiraclePill */,
				27F5C7832294D785002CFBEC /* MiraclePillTests */,
				27F5C78E2294D785002CFBEC /* MiraclePillUITests */,
				27F5C76D2294D780002CFBEC /* Products */,
			);
			sourceTree = "<group>";
		};
		27F5C76D2294D780002CFBEC /* Products */ = {
			isa = PBXGroup;
			children = (
				27F5C76C2294D780002CFBEC /* MiraclePill.app */,
				27F5C7802294D785002CFBEC /* MiraclePillTests.xctest */,
				27F5C78B2294D785002CFBEC /* MiraclePillUITests.xctest */,
			);
			name = Products;
			sourceTree = "<group>";
		};
		27F5C76E2294D780002CFBEC /* MiraclePill */ = {
			isa = PBXGroup;
			children = (
				27F5091322A45BBC00F69346 /* util */,
				27F5091222A45BA300F69346 /* model */,
				27F5C76F2294D780002CFBEC /* AppDelegate.swift */,
				27F5C7712294D780002CFBEC /* ViewController.swift */,
				27F5C7732294D780002CFBEC /* Main.storyboard */,
				27F5C7762294D785002CFBEC /* Assets.xcassets */,
				27F5C7782294D785002CFBEC /* LaunchScreen.storyboard */,
				27F5C77B2294D785002CFBEC /* Info.plist */,
			);
			path = MiraclePill;
			sourceTree = "<group>";
		};
		27F5C7832294D785002CFBEC /* MiraclePillTests */ = {
			isa = PBXGroup;
			children = (
				27F5C7842294D785002CFBEC /* MiraclePillTests.swift */,
				27F5C7862294D785002CFBEC /* Info.plist */,
			);
			path = MiraclePillTests;
			sourceTree = "<group>";
		};
		27F5C78E2294D785002CFBEC /* MiraclePillUITests */ = {
			isa = PBXGroup;
			children = (
				27F5C78F2294D785002CFBEC /* MiraclePillUITests.swift */,
				27F5C7912294D785002CFBEC /* Info.plist */,
			);
			path = MiraclePillUITests;
			sourceTree = "<group>";
		};
/* End PBXGroup section */

/* Begin PBXNativeTarget section */
		27F5C76B2294D77F002CFBEC /* MiraclePill */ = {
			isa = PBXNativeTarget;
			buildConfigurationList = 27F5C7942294D785002CFBEC /* Build configuration list for PBXNativeTarget "MiraclePill" */;
			buildPhases = (
				27F5C7682294D77F002CFBEC /* Sources */,
				27F5C7692294D77F002CFBEC /* Frameworks */,
				27F5C76A2294D77F002CFBEC /* Resources */,
			);
			buildRules = (
			);
			dependencies = (
			);
			name = MiraclePill;
			productName = MiraclePill;
			productReference = 27F5C76C2294D780002CFBEC /* MiraclePill.app */;
			productType = "com.apple.product-type.application";
		};
		27F5C77F2294D785002CFBEC /* MiraclePillTests */ = {
			isa = PBXNativeTarget;
			buildConfigurationList = 27F5C7972294D785002CFBEC /* Build configuration list for PBXNativeTarget "MiraclePillTests" */;
			buildPhases = (
				27F5C77C2294D785002CFBEC /* Sources */,
				27F5C77D2294D785002CFBEC /* Frameworks */,
				27F5C77E2294D785002CFBEC /* Resources */,
			);
			buildRules = (
			);
			dependencies = (
				27F5C7822294D785002CFBEC /* PBXTargetDependency */,
			);
			name = MiraclePillTests;
			productName = MiraclePillTests;
			productReference = 27F5C7802294D785002CFBEC /* MiraclePillTests.xctest */;
			productType = "com.apple.product-type.bundle.unit-test";
		};
		27F5C78A2294D785002CFBEC /* MiraclePillUITests */ = {
			isa = PBXNativeTarget;
			buildConfigurationList = 27F5C79A2294D785002CFBEC /* Build configuration list for PBXNativeTarget "MiraclePillUITests" */;
			buildPhases = (
				27F5C7872294D785002CFBEC /* Sources */,
				27F5C7882294D785002CFBEC /* Frameworks */,
				27F5C7892294D785002CFBEC /* Resources */,
			);
			buildRules = (
			);
			dependencies = (
				27F5C78D2294D785002CFBEC /* PBXTargetDependency */,
			);
			name = MiraclePillUITests;
			productName = MiraclePillUITests;
			productReference = 27F5C78B2294D785002CFBEC /* MiraclePillUITests.xctest */;
			productType = "com.apple.product-type.bundle.ui-testing";
		};
/* End PBXNativeTarget section */

/* Begin PBXProject section */
		27F5C7642294D77F002CFBEC /* Project object */ = {
			isa = PBXProject;
			attributes = {
				LastSwiftUpdateCheck = 1020;
				LastUpgradeCheck = 1020;
				ORGANIZATIONNAME = Mateus;
				TargetAttributes = {
					27F5C76B2294D77F002CFBEC = {
						CreatedOnToolsVersion = 10.2.1;
					};
					27F5C77F2294D785002CFBEC = {
						CreatedOnToolsVersion = 10.2.1;
						TestTargetID = 27F5C76B2294D77F002CFBEC;
					};
					27F5C78A2294D785002CFBEC = {
						CreatedOnToolsVersion = 10.2.1;
						TestTargetID = 27F5C76B2294D77F002CFBEC;
					};
				};
			};
			buildConfigurationList = 27F5C7672294D77F002CFBEC /* Build configuration list for PBXProject "MiraclePill" */;
			compatibilityVersion = "Xcode 9.3";
			developmentRegion = en;
			hasScannedForEncodings = 0;
			knownRegions = (
				en,
				Base,
			);
			mainGroup = 27F5C7632294D77F002CFBEC;
			productRefGroup = 27F5C76D2294D780002CFBEC /* Products */;
			projectDirPath = "";
			projectRoot = "";
			targets = (
				27F5C76B2294D77F002CFBEC /* MiraclePill */,
				27F5C77F2294D785002CFBEC /* MiraclePillTests */,
				27F5C78A2294D785002CFBEC /* MiraclePillUITests */,
			);
		};
/* End PBXProject section */

/* Begin PBXResourcesBuildPhase section */
		27F5C76A2294D77F002CFBEC /* Resources */ = {
			isa = PBXResourcesBuildPhase;
			buildActionMask = 2147483647;
			files = (
				27F5C77A2294D785002CFBEC /* LaunchScreen.storyboard in Resources */,
				27F5C7772294D785002CFBEC /* Assets.xcassets in Resources */,
				27F5C7752294D780002CFBEC /* Main.storyboard in Resources */,
			);
			runOnlyForDeploymentPostprocessing = 0;
		};
		27F5C77E2294D785002CFBEC /* Resources */ = {
			isa = PBXResourcesBuildPhase;
			buildActionMask = 2147483647;
			files = (
			);
			runOnlyForDeploymentPostprocessing = 0;
		};
		27F5C7892294D785002CFBEC /* Resources */ = {
			isa = PBXResourcesBuildPhase;
			buildActionMask = 2147483647;
			files = (
			);
			runOnlyForDeploymentPostprocessing = 0;
		};
/* End PBXResourcesBuildPhase section */

/* Begin PBXSourcesBuildPhase section */
		27F5C7682294D77F002CFBEC /* Sources */ = {
			isa = PBXSourcesBuildPhase;
			buildActionMask = 2147483647;
			files = (
				27F5C7722294D780002CFBEC /* ViewController.swift in Sources */,
				27F5091122A45B8800F69346 /* PurchaseInformation.swift in Sources */,
				2756311522A149BC007D7E40 /* SpinnerViewController.swift in Sources */,
				27F5C7702294D780002CFBEC /* AppDelegate.swift in Sources */,
			);
			runOnlyForDeploymentPostprocessing = 0;
		};
		27F5C77C2294D785002CFBEC /* Sources */ = {
			isa = PBXSourcesBuildPhase;
			buildActionMask = 2147483647;
			files = (
				27F5C7852294D785002CFBEC /* MiraclePillTests.swift in Sources */,
			);
			runOnlyForDeploymentPostprocessing = 0;
		};
		27F5C7872294D785002CFBEC /* Sources */ = {
			isa = PBXSourcesBuildPhase;
			buildActionMask = 2147483647;
			files = (
				27F5C7902294D785002CFBEC /* MiraclePillUITests.swift in Sources */,
			);
			runOnlyForDeploymentPostprocessing = 0;
		};
/* End PBXSourcesBuildPhase section */

/* Begin PBXTargetDependency section */
		27F5C7822294D785002CFBEC /* PBXTargetDependency */ = {
			isa = PBXTargetDependency;
			target = 27F5C76B2294D77F002CFBEC /* MiraclePill */;
			targetProxy = 27F5C7812294D785002CFBEC /* PBXContainerItemProxy */;
		};
		27F5C78D2294D785002CFBEC /* PBXTargetDependency */ = {
			isa = PBXTargetDependency;
			target = 27F5C76B2294D77F002CFBEC /* MiraclePill */;
			targetProxy = 27F5C78C2294D785002CFBEC /* PBXContainerItemProxy */;
		};
/* End PBXTargetDependency section */

/* Begin PBXVariantGroup section */
		27F5C7732294D780002CFBEC /* Main.storyboard */ = {
			isa = PBXVariantGroup;
			children = (
				27F5C7742294D780002CFBEC /* Base */,
			);
			name = Main.storyboard;
			sourceTree = "<group>";
		};
		27F5C7782294D785002CFBEC /* LaunchScreen.storyboard */ = {
			isa = PBXVariantGroup;
			children = (
				27F5C7792294D785002CFBEC /* Base */,
			);
			name = LaunchScreen.storyboard;
			sourceTree = "<group>";
		};
/* End PBXVariantGroup section */

/* Begin XCBuildConfiguration section */
		27F5C7922294D785002CFBEC /* Debug */ = {
			isa = XCBuildConfiguration;
			buildSettings = {
				ALWAYS_SEARCH_USER_PATHS = NO;
				CLANG_ANALYZER_NONNULL = YES;
				CLANG_ANALYZER_NUMBER_OBJECT_CONVERSION = YES_AGGRESSIVE;
				CLANG_CXX_LANGUAGE_STANDARD = "gnu++14";
				CLANG_CXX_LIBRARY = "libc++";
				CLANG_ENABLE_MODULES = YES;
				CLANG_ENABLE_OBJC_ARC = YES;
				CLANG_ENABLE_OBJC_WEAK = YES;
				CLANG_WARN_BLOCK_CAPTURE_AUTORELEASING = YES;
				CLANG_WARN_BOOL_CONVERSION = YES;
				CLANG_WARN_COMMA = YES;
				CLANG_WARN_CONSTANT_CONVERSION = YES;
				CLANG_WARN_DEPRECATED_OBJC_IMPLEMENTATIONS = YES;
				CLANG_WARN_DIRECT_OBJC_ISA_USAGE = YES_ERROR;
				CLANG_WARN_DOCUMENTATION_COMMENTS = YES;
				CLANG_WARN_EMPTY_BODY = YES;
				CLANG_WARN_ENUM_CONVERSION = YES;
				CLANG_WARN_INFINITE_RECURSION = YES;
				CLANG_WARN_INT_CONVERSION = YES;
				CLANG_WARN_NON_LITERAL_NULL_CONVERSION = YES;
				CLANG_WARN_OBJC_IMPLICIT_RETAIN_SELF = YES;
				CLANG_WARN_OBJC_LITERAL_CONVERSION = YES;
				CLANG_WARN_OBJC_ROOT_CLASS = YES_ERROR;
				CLANG_WARN_RANGE_LOOP_ANALYSIS = YES;
				CLANG_WARN_STRICT_PROTOTYPES = YES;
				CLANG_WARN_SUSPICIOUS_MOVE = YES;
				CLANG_WARN_UNGUARDED_AVAILABILITY = YES_AGGRESSIVE;
				CLANG_WARN_UNREACHABLE_CODE = YES;
				CLANG_WARN__DUPLICATE_METHOD_MATCH = YES;
				CODE_SIGN_IDENTITY = "iPhone Developer";
				COPY_PHASE_STRIP = NO;
				DEBUG_INFORMATION_FORMAT = dwarf;
				ENABLE_STRICT_OBJC_MSGSEND = YES;
				ENABLE_TESTABILITY = YES;
				GCC_C_LANGUAGE_STANDARD = gnu11;
				GCC_DYNAMIC_NO_PIC = NO;
				GCC_NO_COMMON_BLOCKS = YES;
				GCC_OPTIMIZATION_LEVEL = 0;
				GCC_PREPROCESSOR_DEFINITIONS = (
					"DEBUG=1",
					"$(inherited)",
				);
				GCC_WARN_64_TO_32_BIT_CONVERSION = YES;
				GCC_WARN_ABOUT_RETURN_TYPE = YES_ERROR;
				GCC_WARN_UNDECLARED_SELECTOR = YES;
				GCC_WARN_UNINITIALIZED_AUTOS = YES_AGGRESSIVE;
				GCC_WARN_UNUSED_FUNCTION = YES;
				GCC_WARN_UNUSED_VARIABLE = YES;
				IPHONEOS_DEPLOYMENT_TARGET = 12.2;
				MTL_ENABLE_DEBUG_INFO = INCLUDE_SOURCE;
				MTL_FAST_MATH = YES;
				ONLY_ACTIVE_ARCH = YES;
				SDKROOT = iphoneos;
				SWIFT_ACTIVE_COMPILATION_CONDITIONS = DEBUG;
				SWIFT_OPTIMIZATION_LEVEL = "-Onone";
			};
			name = Debug;
		};
		27F5C7932294D785002CFBEC /* Release */ = {
			isa = XCBuildConfiguration;
			buildSettings = {
				ALWAYS_SEARCH_USER_PATHS = NO;
				CLANG_ANALYZER_NONNULL = YES;
				CLANG_ANALYZER_NUMBER_OBJECT_CONVERSION = YES_AGGRESSIVE;
				CLANG_CXX_LANGUAGE_STANDARD = "gnu++14";
				CLANG_CXX_LIBRARY = "libc++";
				CLANG_ENABLE_MODULES = YES;
				CLANG_ENABLE_OBJC_ARC = YES;
				CLANG_ENABLE_OBJC_WEAK = YES;
				CLANG_WARN_BLOCK_CAPTURE_AUTORELEASING = YES;
				CLANG_WARN_BOOL_CONVERSION = YES;
				CLANG_WARN_COMMA = YES;
				CLANG_WARN_CONSTANT_CONVERSION = YES;
				CLANG_WARN_DEPRECATED_OBJC_IMPLEMENTATIONS = YES;
				CLANG_WARN_DIRECT_OBJC_ISA_USAGE = YES_ERROR;
				CLANG_WARN_DOCUMENTATION_COMMENTS = YES;
				CLANG_WARN_EMPTY_BODY = YES;
				CLANG_WARN_ENUM_CONVERSION = YES;
				CLANG_WARN_INFINITE_RECURSION = YES;
				CLANG_WARN_INT_CONVERSION = YES;
				CLANG_WARN_NON_LITERAL_NULL_CONVERSION = YES;
				CLANG_WARN_OBJC_IMPLICIT_RETAIN_SELF = YES;
				CLANG_WARN_OBJC_LITERAL_CONVERSION = YES;
				CLANG_WARN_OBJC_ROOT_CLASS = YES_ERROR;
				CLANG_WARN_RANGE_LOOP_ANALYSIS = YES;
				CLANG_WARN_STRICT_PROTOTYPES = YES;
				CLANG_WARN_SUSPICIOUS_MOVE = YES;
				CLANG_WARN_UNGUARDED_AVAILABILITY = YES_AGGRESSIVE;
				CLANG_WARN_UNREACHABLE_CODE = YES;
				CLANG_WARN__DUPLICATE_METHOD_MATCH = YES;
				CODE_SIGN_IDENTITY = "iPhone Developer";
				COPY_PHASE_STRIP = NO;
				DEBUG_INFORMATION_FORMAT = "dwarf-with-dsym";
				ENABLE_NS_ASSERTIONS = NO;
				ENABLE_STRICT_OBJC_MSGSEND = YES;
				GCC_C_LANGUAGE_STANDARD = gnu11;
				GCC_NO_COMMON_BLOCKS = YES;
				GCC_WARN_64_TO_32_BIT_CONVERSION = YES;
				GCC_WARN_ABOUT_RETURN_TYPE = YES_ERROR;
				GCC_WARN_UNDECLARED_SELECTOR = YES;
				GCC_WARN_UNINITIALIZED_AUTOS = YES_AGGRESSIVE;
				GCC_WARN_UNUSED_FUNCTION = YES;
				GCC_WARN_UNUSED_VARIABLE = YES;
				IPHONEOS_DEPLOYMENT_TARGET = 12.2;
				MTL_ENABLE_DEBUG_INFO = NO;
				MTL_FAST_MATH = YES;
				SDKROOT = iphoneos;
				SWIFT_COMPILATION_MODE = wholemodule;
				SWIFT_OPTIMIZATION_LEVEL = "-O";
				VALIDATE_PRODUCT = YES;
			};
			name = Release;
		};
		27F5C7952294D785002CFBEC /* Debug */ = {
			isa = XCBuildConfiguration;
			buildSettings = {
				ASSETCATALOG_COMPILER_APPICON_NAME = AppIcon;
				CODE_SIGN_STYLE = Automatic;
				DEVELOPMENT_TEAM = MC9UF6XGHD;
				INFOPLIST_FILE = MiraclePill/Info.plist;
				LD_RUNPATH_SEARCH_PATHS = (
					"$(inherited)",
					"@executable_path/Frameworks",
				);
				PRODUCT_BUNDLE_IDENTIFIER = com.mateusmelonascimento.MiraclePill;
				PRODUCT_NAME = "$(TARGET_NAME)";
				SWIFT_VERSION = 5.0;
				TARGETED_DEVICE_FAMILY = "1,2";
			};
			name = Debug;
		};
		27F5C7962294D785002CFBEC /* Release */ = {
			isa = XCBuildConfiguration;
			buildSettings = {
				ASSETCATALOG_COMPILER_APPICON_NAME = AppIcon;
				CODE_SIGN_STYLE = Automatic;
				DEVELOPMENT_TEAM = MC9UF6XGHD;
				INFOPLIST_FILE = MiraclePill/Info.plist;
				LD_RUNPATH_SEARCH_PATHS = (
					"$(inherited)",
					"@executable_path/Frameworks",
				);
				PRODUCT_BUNDLE_IDENTIFIER = com.mateusmelonascimento.MiraclePill;
				PRODUCT_NAME = "$(TARGET_NAME)";
				SWIFT_VERSION = 5.0;
				TARGETED_DEVICE_FAMILY = "1,2";
			};
			name = Release;
		};
		27F5C7982294D785002CFBEC /* Debug */ = {
			isa = XCBuildConfiguration;
			buildSettings = {
				ALWAYS_EMBED_SWIFT_STANDARD_LIBRARIES = YES;
				BUNDLE_LOADER = "$(TEST_HOST)";
				CODE_SIGN_STYLE = Automatic;
				DEVELOPMENT_TEAM = MC9UF6XGHD;
				INFOPLIST_FILE = MiraclePillTests/Info.plist;
				LD_RUNPATH_SEARCH_PATHS = (
					"$(inherited)",
					"@executable_path/Frameworks",
					"@loader_path/Frameworks",
				);
				PRODUCT_BUNDLE_IDENTIFIER = com.mateusmelonascimento.MiraclePillTests;
				PRODUCT_NAME = "$(TARGET_NAME)";
				SWIFT_VERSION = 5.0;
				TARGETED_DEVICE_FAMILY = "1,2";
				TEST_HOST = "$(BUILT_PRODUCTS_DIR)/MiraclePill.app/MiraclePill";
			};
			name = Debug;
		};
		27F5C7992294D785002CFBEC /* Release */ = {
			isa = XCBuildConfiguration;
			buildSettings = {
				ALWAYS_EMBED_SWIFT_STANDARD_LIBRARIES = YES;
				BUNDLE_LOADER = "$(TEST_HOST)";
				CODE_SIGN_STYLE = Automatic;
				DEVELOPMENT_TEAM = MC9UF6XGHD;
				INFOPLIST_FILE = MiraclePillTests/Info.plist;
				LD_RUNPATH_SEARCH_PATHS = (
					"$(inherited)",
					"@executable_path/Frameworks",
					"@loader_path/Frameworks",
				);
				PRODUCT_BUNDLE_IDENTIFIER = com.mateusmelonascimento.MiraclePillTests;
				PRODUCT_NAME = "$(TARGET_NAME)";
				SWIFT_VERSION = 5.0;
				TARGETED_DEVICE_FAMILY = "1,2";
				TEST_HOST = "$(BUILT_PRODUCTS_DIR)/MiraclePill.app/MiraclePill";
			};
			name = Release;
		};
		27F5C79B2294D785002CFBEC /* Debug */ = {
			isa = XCBuildConfiguration;
			buildSettings = {
				ALWAYS_EMBED_SWIFT_STANDARD_LIBRARIES = YES;
				CODE_SIGN_STYLE = Automatic;
				DEVELOPMENT_TEAM = MC9UF6XGHD;
				INFOPLIST_FILE = MiraclePillUITests/Info.plist;
				LD_RUNPATH_SEARCH_PATHS = (
					"$(inherited)",
					"@executable_path/Frameworks",
					"@loader_path/Frameworks",
				);
				PRODUCT_BUNDLE_IDENTIFIER = com.mateusmelonascimento.MiraclePillUITests;
				PRODUCT_NAME = "$(TARGET_NAME)";
				SWIFT_VERSION = 5.0;
				TARGETED_DEVICE_FAMILY = "1,2";
				TEST_TARGET_NAME = MiraclePill;
			};
			name = Debug;
		};
		27F5C79C2294D785002CFBEC /* Release */ = {
			isa = XCBuildConfiguration;
			buildSettings = {
				ALWAYS_EMBED_SWIFT_STANDARD_LIBRARIES = YES;
				CODE_SIGN_STYLE = Automatic;
				DEVELOPMENT_TEAM = MC9UF6XGHD;
				INFOPLIST_FILE = MiraclePillUITests/Info.plist;
				LD_RUNPATH_SEARCH_PATHS = (
					"$(inherited)",
					"@executable_path/Frameworks",
					"@loader_path/Frameworks",
				);
				PRODUCT_BUNDLE_IDENTIFIER = com.mateusmelonascimento.MiraclePillUITests;
				PRODUCT_NAME = "$(TARGET_NAME)";
				SWIFT_VERSION = 5.0;
				TARGETED_DEVICE_FAMILY = "1,2";
				TEST_TARGET_NAME = MiraclePill;
			};
			name = Release;
		};
/* End XCBuildConfiguration section */

/* Begin XCConfigurationList section */
		27F5C7672294D77F002CFBEC /* Build configuration list for PBXProject "MiraclePill" */ = {
			isa = XCConfigurationList;
			buildConfigurations = (
				27F5C7922294D785002CFBEC /* Debug */,
				27F5C7932294D785002CFBEC /* Release */,
			);
			defaultConfigurationIsVisible = 0;
			defaultConfigurationName = Release;
		};
		27F5C7942294D785002CFBEC /* Build configuration list for PBXNativeTarget "MiraclePill" */ = {
			isa = XCConfigurationList;
			buildConfigurations = (
				27F5C7952294D785002CFBEC /* Debug */,
				27F5C7962294D785002CFBEC /* Release */,
			);
			defaultConfigurationIsVisible = 0;
			defaultConfigurationName = Release;
		};
		27F5C7972294D785002CFBEC /* Build configuration list for PBXNativeTarget "MiraclePillTests" */ = {
			isa = XCConfigurationList;
			buildConfigurations = (
				27F5C7982294D785002CFBEC /* Debug */,
				27F5C7992294D785002CFBEC /* Release */,
			);
			defaultConfigurationIsVisible = 0;
			defaultConfigurationName = Release;
		};
		27F5C79A2294D785002CFBEC /* Build configuration list for PBXNativeTarget "MiraclePillUITests" */ = {
			isa = XCConfigurationList;
			buildConfigurations = (
				27F5C79B2294D785002CFBEC /* Debug */,
				27F5C79C2294D785002CFBEC /* Release */,
			);
			defaultConfigurationIsVisible = 0;
			defaultConfigurationName = Release;
		};
/* End XCConfigurationList section */
	};
	rootObject = 27F5C7642294D77F002CFBEC /* Project object */;
}
